{
  "name": "app",
  "lockfileVersion": 2,
  "requires": true,
  "packages": {
    "": {
      "name": "app",
      "dependencies": {
        "@hotwired/stimulus": "^3.1.1",
        "@hotwired/turbo-rails": "^7.2.4"
      }
    },
    "node_modules/@hotwired/stimulus": {
      "version": "3.1.1",
      "resolved": "https://registry.npmjs.org/@hotwired/stimulus/-/stimulus-3.1.1.tgz",
      "integrity": "sha512-e0JpzIaYLsRRXevRDVs0yevabiCvieIWWCwh7VqVXjXM5AOHdjb7AjaKIj34zYFmY1N6HIRRfk915WVMYlHnDA=="
    },
    "node_modules/@hotwired/turbo": {
      "version": "7.2.4",
      "resolved": "https://registry.npmjs.org/@hotwired/turbo/-/turbo-7.2.4.tgz",
      "integrity": "sha512-c3xlOroHp/cCZHDOuLp6uzQYEbvXBUVaal0puXoGJ9M8L/KHwZ3hQozD4dVeSN9msHWLxxtmPT1TlCN7gFhj4w==",
      "engines": {
        "node": ">= 14"
      }
    },
    "node_modules/@hotwired/turbo-rails": {
      "version": "7.2.4",
      "resolved": "https://registry.npmjs.org/@hotwired/turbo-rails/-/turbo-rails-7.2.4.tgz",
      "integrity": "sha512-givDUQqaccd19BvErz1Cf2j6MXF74m0G6I75oqFJGeXAa7vwkz9nDplefVNrALCR9Xi9j9gy32xmSI6wD0tZyA==",
      "dependencies": {
        "@hotwired/turbo": "^7.2.4",
        "@rails/actioncable": "^7.0"
      }
    },
    "node_modules/@rails/actioncable": {
      "version": "7.0.4",
      "resolved": "https://registry.npmjs.org/@rails/actioncable/-/actioncable-7.0.4.tgz",
      "integrity": "sha512-tz4oM+Zn9CYsvtyicsa/AwzKZKL+ITHWkhiu7x+xF77clh2b4Rm+s6xnOgY/sGDWoFWZmtKsE95hxBPkgQQNnQ=="
    }
  },
  "dependencies": {
    "@hotwired/stimulus": {
      "version": "3.1.1",
      "resolved": "https://registry.npmjs.org/@hotwired/stimulus/-/stimulus-3.1.1.tgz",
      "integrity": "sha512-e0JpzIaYLsRRXevRDVs0yevabiCvieIWWCwh7VqVXjXM5AOHdjb7AjaKIj34zYFmY1N6HIRRfk915WVMYlHnDA=="
    },
    "@hotwired/turbo": {
      "version": "7.2.4",
      "resolved": "https://registry.npmjs.org/@hotwired/turbo/-/turbo-7.2.4.tgz",
      "integrity": "sha512-c3xlOroHp/cCZHDOuLp6uzQYEbvXBUVaal0puXoGJ9M8L/KHwZ3hQozD4dVeSN9msHWLxxtmPT1TlCN7gFhj4w=="
    },
    "@hotwired/turbo-rails": {
      "version": "7.2.4",
      "resolved": "https://registry.npmjs.org/@hotwired/turbo-rails/-/turbo-rails-7.2.4.tgz",
      "integrity": "sha512-givDUQqaccd19BvErz1Cf2j6MXF74m0G6I75oqFJGeXAa7vwkz9nDplefVNrALCR9Xi9j9gy32xmSI6wD0tZyA==",
      "requires": {
        "@hotwired/turbo": "^7.2.4",
        "@rails/actioncable": "^7.0"
      }
    },
    "@rails/actioncable": {
      "version": "7.0.4",
      "resolved": "https://registry.npmjs.org/@rails/actioncable/-/actioncable-7.0.4.tgz",
      "integrity": "sha512-tz4oM+Zn9CYsvtyicsa/AwzKZKL+ITHWkhiu7x+xF77clh2b4Rm+s6xnOgY/sGDWoFWZmtKsE95hxBPkgQQNnQ=="
    }
  }
}
